<?xml version="1.0" encoding="UTF-8"?>
<Scheme
   version = "1.3">
   <BuildAction>
      <BuildActionEntries>
         <BuildActionEntry
            buildForRunning = "YES">
            <BuildableReference
               BuildableIdentifier = "primary"
               BlueprintIdentifier = "DF0B1D3820042F7900E88739"
               BuildableName = "nativeHandset.app"
               BlueprintName = "nativeHandset"
               ReferencedContainer = "container:nativeHandset.xcodeproj">
            </BuildableReference>
         </BuildActionEntry>
      </BuildActionEntries>
   </BuildAction>
   <LaunchAction
      useCustomWorkingDirectory = "NO"
      buildConfiguration = "Debug">
      <BuildableProductRunnable>
         <BuildableReference
            BuildableIdentifier = "primary"
            BlueprintIdentifier = "DF0B1D3820042F7900E88739"
            BuildableName = "nativeHandset.app"
            BlueprintName = "nativeHandset"
            ReferencedContainer = "container:nativeHandset.xcodeproj">
         </BuildableReference>
      </BuildableProductRunnable>
   </LaunchAction>
</Scheme>
